
Microsoft Visual Studio Solution File, Format Version 12.00
# Visual Studio 15
Project("{FAE04EC0-301F-11D3-BF4B-00C04F79EFBC}") = "FBDBWeb", "FBDBWeb\FBDBWeb.csproj", "{36E69C08-C18E-4FCF-8A23-6F7238B7B3FD}"
EndProject
Global
	GlobalSection(SolutionConfigurationPlatforms) = preSolution
		Debug|Any CPU = Debug|Any CPU
		Release|Any CPU = Release|Any CPU
	EndGlobalSection
	GlobalSection(ProjectConfigurationPlatforms) = postSolution
		{36E69C08-C18E-4FCF-8A23-6F7238B7B3FD}.Debug|Any CPU.ActiveCfg = Debug|Any CPU
		{36E69C08-C18E-4FCF-8A23-6F7238B7B3FD}.Debug|Any CPU.Build.0 = Debug|Any CPU
		{36E69C08-C18E-4FCF-8A23-6F7238B7B3FD}.Release|Any CPU.ActiveCfg = Release|Any CPU
		{36E69C08-C18E-4FCF-8A23-6F7238B7B3FD}.Release|Any CPU.Build.0 = Release|Any CPU
	EndGlobalSection
EndGlobal
